// !$*UTF8*$!
{
	archiveVersion = 1;
	classes = {
	};
	objectVersion = 50;
	objects = {

/* Begin PBXBuildFile section */
		CD7DBF0125ED4CEC006AAF6A /* AbsenceRecorderApp.swift in Sources */ = {isa = PBXBuildFile; fileRef = CD7DBF0025ED4CEC006AAF6A /* AbsenceRecorderApp.swift */; };
		CD7DBF0325ED4CEC006AAF6A /* ContentView.swift in Sources */ = {isa = PBXBuildFile; fileRef = CD7DBF0225ED4CEC006AAF6A /* ContentView.swift */; };
		CD7DBF0525ED4CED006AAF6A /* Assets.xcassets in Resources */ = {isa = PBXBuildFile; fileRef = CD7DBF0425ED4CED006AAF6A /* Assets.xcassets */; };
		CD7DBF0825ED4CED006AAF6A /* Preview Assets.xcassets in Resources */ = {isa = PBXBuildFile; fileRef = CD7DBF0725ED4CED006AAF6A /* Preview Assets.xcassets */; };
		CD7DBF1325ED4CED006AAF6A /* AbsenceRecorderTests.swift in Sources */ = {isa = PBXBuildFile; fileRef = CD7DBF1225ED4CED006AAF6A /* AbsenceRecorderTests.swift */; };
		CD7DBF1E25ED4CED006AAF6A /* AbsenceRecorderUITests.swift in Sources */ = {isa = PBXBuildFile; fileRef = CD7DBF1D25ED4CED006AAF6A /* AbsenceRecorderUITests.swift */; };
		CD7DBF3125ED4F79006AAF6A /* Student.swift in Sources */ = {isa = PBXBuildFile; fileRef = CD7DBF3025ED4F79006AAF6A /* Student.swift */; };
		CD7DBF3925ED5028006AAF6A /* Division.swift in Sources */ = {isa = PBXBuildFile; fileRef = CD7DBF3825ED5028006AAF6A /* Division.swift */; };
/* End PBXBuildFile section */

/* Begin PBXContainerItemProxy section */
		CD7DBF0F25ED4CED006AAF6A /* PBXContainerItemProxy */ = {
			isa = PBXContainerItemProxy;
			containerPortal = CD7DBEF525ED4CEC006AAF6A /* Project object */;
			proxyType = 1;
			remoteGlobalIDString = CD7DBEFC25ED4CEC006AAF6A;
			remoteInfo = AbsenceRecorder;
		};
		CD7DBF1A25ED4CED006AAF6A /* PBXContainerItemProxy */ = {
			isa = PBXContainerItemProxy;
			containerPortal = CD7DBEF525ED4CEC006AAF6A /* Project object */;
			proxyType = 1;
			remoteGlobalIDString = CD7DBEFC25ED4CEC006AAF6A;
			remoteInfo = AbsenceRecorder;
		};
/* End PBXContainerItemProxy section */

/* Begin PBXFileReference section */
		CD7DBEFD25ED4CEC006AAF6A /* AbsenceRecorder.app */ = {isa = PBXFileReference; explicitFileType = wrapper.application; includeInIndex = 0; path = AbsenceRecorder.app; sourceTree = BUILT_PRODUCTS_DIR; };
		CD7DBF0025ED4CEC006AAF6A /* AbsenceRecorderApp.swift */ = {isa = PBXFileReference; lastKnownFileType = sourcecode.swift; path = AbsenceRecorderApp.swift; sourceTree = "<group>"; };
		CD7DBF0225ED4CEC006AAF6A /* ContentView.swift */ = {isa = PBXFileReference; lastKnownFileType = sourcecode.swift; path = ContentView.swift; sourceTree = "<group>"; };
		CD7DBF0425ED4CED006AAF6A /* Assets.xcassets */ = {isa = PBXFileReference; lastKnownFileType = folder.assetcatalog; path = Assets.xcassets; sourceTree = "<group>"; };
		CD7DBF0725ED4CED006AAF6A /* Preview Assets.xcassets */ = {isa = PBXFileReference; lastKnownFileType = folder.assetcatalog; path = "Preview Assets.xcassets"; sourceTree = "<group>"; };
		CD7DBF0925ED4CED006AAF6A /* Info.plist */ = {isa = PBXFileReference; lastKnownFileType = text.plist.xml; path = Info.plist; sourceTree = "<group>"; };
		CD7DBF0E25ED4CED006AAF6A /* AbsenceRecorderTests.xctest */ = {isa = PBXFileReference; explicitFileType = wrapper.cfbundle; includeInIndex = 0; path = AbsenceRecorderTests.xctest; sourceTree = BUILT_PRODUCTS_DIR; };
		CD7DBF1225ED4CED006AAF6A /* AbsenceRecorderTests.swift */ = {isa = PBXFileReference; lastKnownFileType = sourcecode.swift; path = AbsenceRecorderTests.swift; sourceTree = "<group>"; };
		CD7DBF1425ED4CED006AAF6A /* Info.plist */ = {isa = PBXFileReference; lastKnownFileType = text.plist.xml; path = Info.plist; sourceTree = "<group>"; };
		CD7DBF1925ED4CED006AAF6A /* AbsenceRecorderUITests.xctest */ = {isa = PBXFileReference; explicitFileType = wrapper.cfbundle; includeInIndex = 0; path = AbsenceRecorderUITests.xctest; sourceTree = BUILT_PRODUCTS_DIR; };
		CD7DBF1D25ED4CED006AAF6A /* AbsenceRecorderUITests.swift */ = {isa = PBXFileReference; lastKnownFileType = sourcecode.swift; path = AbsenceRecorderUITests.swift; sourceTree = "<group>"; };
		CD7DBF1F25ED4CED006AAF6A /* Info.plist */ = {isa = PBXFileReference; lastKnownFileType = text.plist.xml; path = Info.plist; sourceTree = "<group>"; };
		CD7DBF3025ED4F79006AAF6A /* Student.swift */ = {isa = PBXFileReference; lastKnownFileType = sourcecode.swift; path = Student.swift; sourceTree = "<group>"; };
		CD7DBF3825ED5028006AAF6A /* Division.swift */ = {isa = PBXFileReference; lastKnownFileType = sourcecode.swift; path = Division.swift; sourceTree = "<group>"; };
/* End PBXFileReference section */

/* Begin PBXFrameworksBuildPhase section */
		CD7DBEFA25ED4CEC006AAF6A /* Frameworks */ = {
			isa = PBXFrameworksBuildPhase;
			buildActionMask = 2147483647;
			files = (
			);
			runOnlyForDeploymentPostprocessing = 0;
		};
		CD7DBF0B25ED4CED006AAF6A /* Frameworks */ = {
			isa = PBXFrameworksBuildPhase;
			buildActionMask = 2147483647;
			files = (
			);
			runOnlyForDeploymentPostprocessing = 0;
		};
		CD7DBF1625ED4CED006AAF6A /* Frameworks */ = {
			isa = PBXFrameworksBuildPhase;
			buildActionMask = 2147483647;
			files = (
			);
			runOnlyForDeploymentPostprocessing = 0;
		};
/* End PBXFrameworksBuildPhase section */

/* Begin PBXGroup section */
		CD7DBEF425ED4CEC006AAF6A = {
			isa = PBXGroup;
			children = (
				CD7DBEFF25ED4CEC006AAF6A /* AbsenceRecorder */,
				CD7DBF1125ED4CED006AAF6A /* AbsenceRecorderTests */,
				CD7DBF1C25ED4CED006AAF6A /* AbsenceRecorderUITests */,
				CD7DBEFE25ED4CEC006AAF6A /* Products */,
			);
			sourceTree = "<group>";
		};
		CD7DBEFE25ED4CEC006AAF6A /* Products */ = {
			isa = PBXGroup;
			children = (
				CD7DBEFD25ED4CEC006AAF6A /* AbsenceRecorder.app */,
				CD7DBF0E25ED4CED006AAF6A /* AbsenceRecorderTests.xctest */,
				CD7DBF1925ED4CED006AAF6A /* AbsenceRecorderUITests.xctest */,
			);
			name = Products;
			sourceTree = "<group>";
		};
		CD7DBEFF25ED4CEC006AAF6A /* AbsenceRecorder */ = {
			isa = PBXGroup;
			children = (
				CD7DBF2F25ED4F21006AAF6A /* View */,
				CD7DBF2E25ED4F18006AAF6A /* Model */,
				CD7DBF0025ED4CEC006AAF6A /* AbsenceRecorderApp.swift */,
				CD7DBF0425ED4CED006AAF6A /* Assets.xcassets */,
				CD7DBF0925ED4CED006AAF6A /* Info.plist */,
				CD7DBF0625ED4CED006AAF6A /* Preview Content */,
			);
			path = AbsenceRecorder;
			sourceTree = "<group>";
		};
		CD7DBF0625ED4CED006AAF6A /* Preview Content */ = {
			isa = PBXGroup;
			children = (
				CD7DBF0725ED4CED006AAF6A /* Preview Assets.xcassets */,
			);
			path = "Preview Content";
			sourceTree = "<group>";
		};
		CD7DBF1125ED4CED006AAF6A /* AbsenceRecorderTests */ = {
			isa = PBXGroup;
			children = (
				CD7DBF1225ED4CED006AAF6A /* AbsenceRecorderTests.swift */,
				CD7DBF1425ED4CED006AAF6A /* Info.plist */,
			);
			path = AbsenceRecorderTests;
			sourceTree = "<group>";
		};
		CD7DBF1C25ED4CED006AAF6A /* AbsenceRecorderUITests */ = {
			isa = PBXGroup;
			children = (
				CD7DBF1D25ED4CED006AAF6A /* AbsenceRecorderUITests.swift */,
				CD7DBF1F25ED4CED006AAF6A /* Info.plist */,
			);
			path = AbsenceRecorderUITests;
			sourceTree = "<group>";
		};
		CD7DBF2E25ED4F18006AAF6A /* Model */ = {
			isa = PBXGroup;
			children = (
				CD7DBF3025ED4F79006AAF6A /* Student.swift */,
				CD7DBF3825ED5028006AAF6A /* Division.swift */,
			);
			path = Model;
			sourceTree = "<group>";
		};
		CD7DBF2F25ED4F21006AAF6A /* View */ = {
			isa = PBXGroup;
			children = (
				CD7DBF0225ED4CEC006AAF6A /* ContentView.swift */,
			);
			path = View;
			sourceTree = "<group>";
		};
/* End PBXGroup section */

/* Begin PBXNativeTarget section */
		CD7DBEFC25ED4CEC006AAF6A /* AbsenceRecorder */ = {
			isa = PBXNativeTarget;
			buildConfigurationList = CD7DBF2225ED4CED006AAF6A /* Build configuration list for PBXNativeTarget "AbsenceRecorder" */;
			buildPhases = (
				CD7DBEF925ED4CEC006AAF6A /* Sources */,
				CD7DBEFA25ED4CEC006AAF6A /* Frameworks */,
				CD7DBEFB25ED4CEC006AAF6A /* Resources */,
			);
			buildRules = (
			);
			dependencies = (
			);
			name = AbsenceRecorder;
			productName = AbsenceRecorder;
			productReference = CD7DBEFD25ED4CEC006AAF6A /* AbsenceRecorder.app */;
			productType = "com.apple.product-type.application";
		};
		CD7DBF0D25ED4CED006AAF6A /* AbsenceRecorderTests */ = {
			isa = PBXNativeTarget;
			buildConfigurationList = CD7DBF2525ED4CED006AAF6A /* Build configuration list for PBXNativeTarget "AbsenceRecorderTests" */;
			buildPhases = (
				CD7DBF0A25ED4CED006AAF6A /* Sources */,
				CD7DBF0B25ED4CED006AAF6A /* Frameworks */,
				CD7DBF0C25ED4CED006AAF6A /* Resources */,
			);
			buildRules = (
			);
			dependencies = (
				CD7DBF1025ED4CED006AAF6A /* PBXTargetDependency */,
			);
			name = AbsenceRecorderTests;
			productName = AbsenceRecorderTests;
			productReference = CD7DBF0E25ED4CED006AAF6A /* AbsenceRecorderTests.xctest */;
			productType = "com.apple.product-type.bundle.unit-test";
		};
		CD7DBF1825ED4CED006AAF6A /* AbsenceRecorderUITests */ = {
			isa = PBXNativeTarget;
			buildConfigurationList = CD7DBF2825ED4CED006AAF6A /* Build configuration list for PBXNativeTarget "AbsenceRecorderUITests" */;
			buildPhases = (
				CD7DBF1525ED4CED006AAF6A /* Sources */,
				CD7DBF1625ED4CED006AAF6A /* Frameworks */,
				CD7DBF1725ED4CED006AAF6A /* Resources */,
			);
			buildRules = (
			);
			dependencies = (
				CD7DBF1B25ED4CED006AAF6A /* PBXTargetDependency */,
			);
			name = AbsenceRecorderUITests;
			productName = AbsenceRecorderUITests;
			productReference = CD7DBF1925ED4CED006AAF6A /* AbsenceRecorderUITests.xctest */;
			productType = "com.apple.product-type.bundle.ui-testing";
		};
/* End PBXNativeTarget section */

/* Begin PBXProject section */
		CD7DBEF525ED4CEC006AAF6A /* Project object */ = {
			isa = PBXProject;
			attributes = {
				LastSwiftUpdateCheck = 1230;
				LastUpgradeCheck = 1230;
				TargetAttributes = {
					CD7DBEFC25ED4CEC006AAF6A = {
						CreatedOnToolsVersion = 12.3;
					};
					CD7DBF0D25ED4CED006AAF6A = {
						CreatedOnToolsVersion = 12.3;
						TestTargetID = CD7DBEFC25ED4CEC006AAF6A;
					};
					CD7DBF1825ED4CED006AAF6A = {
						CreatedOnToolsVersion = 12.3;
						TestTargetID = CD7DBEFC25ED4CEC006AAF6A;
					};
				};
			};
			buildConfigurationList = CD7DBEF825ED4CEC006AAF6A /* Build configuration list for PBXProject "AbsenceRecorder" */;
			compatibilityVersion = "Xcode 9.3";
			developmentRegion = en;
			hasScannedForEncodings = 0;
			knownRegions = (
				en,
				Base,
			);
			mainGroup = CD7DBEF425ED4CEC006AAF6A;
			productRefGroup = CD7DBEFE25ED4CEC006AAF6A /* Products */;
			projectDirPath = "";
			projectRoot = "";
			targets = (
				CD7DBEFC25ED4CEC006AAF6A /* AbsenceRecorder */,
				CD7DBF0D25ED4CED006AAF6A /* AbsenceRecorderTests */,
				CD7DBF1825ED4CED006AAF6A /* AbsenceRecorderUITests */,
			);
		};
/* End PBXProject section */

/* Begin PBXResourcesBuildPhase section */
		CD7DBEFB25ED4CEC006AAF6A /* Resources */ = {
			isa = PBXResourcesBuildPhase;
			buildActionMask = 2147483647;
			files = (
				CD7DBF0825ED4CED006AAF6A /* Preview Assets.xcassets in Resources */,
				CD7DBF0525ED4CED006AAF6A /* Assets.xcassets in Resources */,
			);
			runOnlyForDeploymentPostprocessing = 0;
		};
		CD7DBF0C25ED4CED006AAF6A /* Resources */ = {
			isa = PBXResourcesBuildPhase;
			buildActionMask = 2147483647;
			files = (
			);
			runOnlyForDeploymentPostprocessing = 0;
		};
		CD7DBF1725ED4CED006AAF6A /* Resources */ = {
			isa = PBXResourcesBuildPhase;
			buildActionMask = 2147483647;
			files = (
			);
			runOnlyForDeploymentPostprocessing = 0;
		};
/* End PBXResourcesBuildPhase section */

/* Begin PBXSourcesBuildPhase section */
		CD7DBEF925ED4CEC006AAF6A /* Sources */ = {
			isa = PBXSourcesBuildPhase;
			buildActionMask = 2147483647;
			files = (
				CD7DBF0325ED4CEC006AAF6A /* ContentView.swift in Sources */,
				CD7DBF3125ED4F79006AAF6A /* Student.swift in Sources */,
				CD7DBF3925ED5028006AAF6A /* Division.swift in Sources */,
				CD7DBF0125ED4CEC006AAF6A /* AbsenceRecorderApp.swift in Sources */,
			);
			runOnlyForDeploymentPostprocessing = 0;
		};
		CD7DBF0A25ED4CED006AAF6A /* Sources */ = {
			isa = PBXSourcesBuildPhase;
			buildActionMask = 2147483647;
			files = (
				CD7DBF1325ED4CED006AAF6A /* AbsenceRecorderTests.swift in Sources */,
			);
			runOnlyForDeploymentPostprocessing = 0;
		};
		CD7DBF1525ED4CED006AAF6A /* Sources */ = {
			isa = PBXSourcesBuildPhase;
			buildActionMask = 2147483647;
			files = (
				CD7DBF1E25ED4CED006AAF6A /* AbsenceRecorderUITests.swift in Sources */,
			);
			runOnlyForDeploymentPostprocessing = 0;
		};
/* End PBXSourcesBuildPhase section */

/* Begin PBXTargetDependency section */
		CD7DBF1025ED4CED006AAF6A /* PBXTargetDependency */ = {
			isa = PBXTargetDependency;
			target = CD7DBEFC25ED4CEC006AAF6A /* AbsenceRecorder */;
			targetProxy = CD7DBF0F25ED4CED006AAF6A /* PBXContainerItemProxy */;
		};
		CD7DBF1B25ED4CED006AAF6A /* PBXTargetDependency */ = {
			isa = PBXTargetDependency;
			target = CD7DBEFC25ED4CEC006AAF6A /* AbsenceRecorder */;
			targetProxy = CD7DBF1A25ED4CED006AAF6A /* PBXContainerItemProxy */;
		};
/* End PBXTargetDependency section */

/* Begin XCBuildConfiguration section */
		CD7DBF2025ED4CED006AAF6A /* Debug */ = {
			isa = XCBuildConfiguration;
			buildSettings = {
				ALWAYS_SEARCH_USER_PATHS = NO;
				CLANG_ANALYZER_NONNULL = YES;
				CLANG_ANALYZER_NUMBER_OBJECT_CONVERSION = YES_AGGRESSIVE;
				CLANG_CXX_LANGUAGE_STANDARD = "gnu++14";
				CLANG_CXX_LIBRARY = "libc++";
				CLANG_ENABLE_MODULES = YES;
				CLANG_ENABLE_OBJC_ARC = YES;
				CLANG_ENABLE_OBJC_WEAK = YES;
				CLANG_WARN_BLOCK_CAPTURE_AUTORELEASING = YES;
				CLANG_WARN_BOOL_CONVERSION = YES;
				CLANG_WARN_COMMA = YES;
				CLANG_WARN_CONSTANT_CONVERSION = YES;
				CLANG_WARN_DEPRECATED_OBJC_IMPLEMENTATIONS = YES;
				CLANG_WARN_DIRECT_OBJC_ISA_USAGE = YES_ERROR;
				CLANG_WARN_DOCUMENTATION_COMMENTS = YES;
				CLANG_WARN_EMPTY_BODY = YES;
				CLANG_WARN_ENUM_CONVERSION = YES;
				CLANG_WARN_INFINITE_RECURSION = YES;
				CLANG_WARN_INT_CONVERSION = YES;
				CLANG_WARN_NON_LITERAL_NULL_CONVERSION = YES;
				CLANG_WARN_OBJC_IMPLICIT_RETAIN_SELF = YES;
				CLANG_WARN_OBJC_LITERAL_CONVERSION = YES;
				CLANG_WARN_OBJC_ROOT_CLASS = YES_ERROR;
				CLANG_WARN_QUOTED_INCLUDE_IN_FRAMEWORK_HEADER = YES;
				CLANG_WARN_RANGE_LOOP_ANALYSIS = YES;
				CLANG_WARN_STRICT_PROTOTYPES = YES;
				CLANG_WARN_SUSPICIOUS_MOVE = YES;
				CLANG_WARN_UNGUARDED_AVAILABILITY = YES_AGGRESSIVE;
				CLANG_WARN_UNREACHABLE_CODE = YES;
				CLANG_WARN__DUPLICATE_METHOD_MATCH = YES;
				COPY_PHASE_STRIP = NO;
				DEBUG_INFORMATION_FORMAT = dwarf;
				ENABLE_STRICT_OBJC_MSGSEND = YES;
				ENABLE_TESTABILITY = YES;
				GCC_C_LANGUAGE_STANDARD = gnu11;
				GCC_DYNAMIC_NO_PIC = NO;
				GCC_NO_COMMON_BLOCKS = YES;
				GCC_OPTIMIZATION_LEVEL = 0;
				GCC_PREPROCESSOR_DEFINITIONS = (
					"DEBUG=1",
					"$(inherited)",
				);
				GCC_WARN_64_TO_32_BIT_CONVERSION = YES;
				GCC_WARN_ABOUT_RETURN_TYPE = YES_ERROR;
				GCC_WARN_UNDECLARED_SELECTOR = YES;
				GCC_WARN_UNINITIALIZED_AUTOS = YES_AGGRESSIVE;
				GCC_WARN_UNUSED_FUNCTION = YES;
				GCC_WARN_UNUSED_VARIABLE = YES;
				IPHONEOS_DEPLOYMENT_TARGET = 14.3;
				MTL_ENABLE_DEBUG_INFO = INCLUDE_SOURCE;
				MTL_FAST_MATH = YES;
				ONLY_ACTIVE_ARCH = YES;
				SDKROOT = iphoneos;
				SWIFT_ACTIVE_COMPILATION_CONDITIONS = DEBUG;
				SWIFT_OPTIMIZATION_LEVEL = "-Onone";
			};
			name = Debug;
		};
		CD7DBF2125ED4CED006AAF6A /* Release */ = {
			isa = XCBuildConfiguration;
			buildSettings = {
				ALWAYS_SEARCH_USER_PATHS = NO;
				CLANG_ANALYZER_NONNULL = YES;
				CLANG_ANALYZER_NUMBER_OBJECT_CONVERSION = YES_AGGRESSIVE;
				CLANG_CXX_LANGUAGE_STANDARD = "gnu++14";
				CLANG_CXX_LIBRARY = "libc++";
				CLANG_ENABLE_MODULES = YES;
				CLANG_ENABLE_OBJC_ARC = YES;
				CLANG_ENABLE_OBJC_WEAK = YES;
				CLANG_WARN_BLOCK_CAPTURE_AUTORELEASING = YES;
				CLANG_WARN_BOOL_CONVERSION = YES;
				CLANG_WARN_COMMA = YES;
				CLANG_WARN_CONSTANT_CONVERSION = YES;
				CLANG_WARN_DEPRECATED_OBJC_IMPLEMENTATIONS = YES;
				CLANG_WARN_DIRECT_OBJC_ISA_USAGE = YES_ERROR;
				CLANG_WARN_DOCUMENTATION_COMMENTS = YES;
				CLANG_WARN_EMPTY_BODY = YES;
				CLANG_WARN_ENUM_CONVERSION = YES;
				CLANG_WARN_INFINITE_RECURSION = YES;
				CLANG_WARN_INT_CONVERSION = YES;
				CLANG_WARN_NON_LITERAL_NULL_CONVERSION = YES;
				CLANG_WARN_OBJC_IMPLICIT_RETAIN_SELF = YES;
				CLANG_WARN_OBJC_LITERAL_CONVERSION = YES;
				CLANG_WARN_OBJC_ROOT_CLASS = YES_ERROR;
				CLANG_WARN_QUOTED_INCLUDE_IN_FRAMEWORK_HEADER = YES;
				CLANG_WARN_RANGE_LOOP_ANALYSIS = YES;
				CLANG_WARN_STRICT_PROTOTYPES = YES;
				CLANG_WARN_SUSPICIOUS_MOVE = YES;
				CLANG_WARN_UNGUARDED_AVAILABILITY = YES_AGGRESSIVE;
				CLANG_WARN_UNREACHABLE_CODE = YES;
				CLANG_WARN__DUPLICATE_METHOD_MATCH = YES;
				COPY_PHASE_STRIP = NO;
				DEBUG_INFORMATION_FORMAT = "dwarf-with-dsym";
				ENABLE_NS_ASSERTIONS = NO;
				ENABLE_STRICT_OBJC_MSGSEND = YES;
				GCC_C_LANGUAGE_STANDARD = gnu11;
				GCC_NO_COMMON_BLOCKS = YES;
				GCC_WARN_64_TO_32_BIT_CONVERSION = YES;
				GCC_WARN_ABOUT_RETURN_TYPE = YES_ERROR;
				GCC_WARN_UNDECLARED_SELECTOR = YES;
				GCC_WARN_UNINITIALIZED_AUTOS = YES_AGGRESSIVE;
				GCC_WARN_UNUSED_FUNCTION = YES;
				GCC_WARN_UNUSED_VARIABLE = YES;
				IPHONEOS_DEPLOYMENT_TARGET = 14.3;
				MTL_ENABLE_DEBUG_INFO = NO;
				MTL_FAST_MATH = YES;
				SDKROOT = iphoneos;
				SWIFT_COMPILATION_MODE = wholemodule;
				SWIFT_OPTIMIZATION_LEVEL = "-O";
				VALIDATE_PRODUCT = YES;
			};
			name = Release;
		};
		CD7DBF2325ED4CED006AAF6A /* Debug */ = {
			isa = XCBuildConfiguration;
			buildSettings = {
				ASSETCATALOG_COMPILER_APPICON_NAME = AppIcon;
				ASSETCATALOG_COMPILER_GLOBAL_ACCENT_COLOR_NAME = AccentColor;
				CODE_SIGN_STYLE = Automatic;
				DEVELOPMENT_ASSET_PATHS = "\"AbsenceRecorder/Preview Content\"";
				ENABLE_PREVIEWS = YES;
				INFOPLIST_FILE = AbsenceRecorder/Info.plist;
				IPHONEOS_DEPLOYMENT_TARGET = 14.0;
				LD_RUNPATH_SEARCH_PATHS = (
					"$(inherited)",
					"@executable_path/Frameworks",
				);
				PRODUCT_BUNDLE_IDENTIFIER = com.yadav.AbsenceRecorder;
				PRODUCT_NAME = "$(TARGET_NAME)";
				SWIFT_VERSION = 5.0;
				TARGETED_DEVICE_FAMILY = "1,2";
			};
			name = Debug;
		};
		CD7DBF2425ED4CED006AAF6A /* Release */ = {
			isa = XCBuildConfiguration;
			buildSettings = {
				ASSETCATALOG_COMPILER_APPICON_NAME = AppIcon;
				ASSETCATALOG_COMPILER_GLOBAL_ACCENT_COLOR_NAME = AccentColor;
				CODE_SIGN_STYLE = Automatic;
				DEVELOPMENT_ASSET_PATHS = "\"AbsenceRecorder/Preview Content\"";
				ENABLE_PREVIEWS = YES;
				INFOPLIST_FILE = AbsenceRecorder/Info.plist;
				IPHONEOS_DEPLOYMENT_TARGET = 14.0;
				LD_RUNPATH_SEARCH_PATHS = (
					"$(inherited)",
					"@executable_path/Frameworks",
				);
				PRODUCT_BUNDLE_IDENTIFIER = com.yadav.AbsenceRecorder;
				PRODUCT_NAME = "$(TARGET_NAME)";
				SWIFT_VERSION = 5.0;
				TARGETED_DEVICE_FAMILY = "1,2";
			};
			name = Release;
		};
		CD7DBF2625ED4CED006AAF6A /* Debug */ = {
			isa = XCBuildConfiguration;
			buildSettings = {
				ALWAYS_EMBED_SWIFT_STANDARD_LIBRARIES = YES;
				BUNDLE_LOADER = "$(TEST_HOST)";
				CODE_SIGN_STYLE = Automatic;
				INFOPLIST_FILE = AbsenceRecorderTests/Info.plist;
				IPHONEOS_DEPLOYMENT_TARGET = 14.0;
				LD_RUNPATH_SEARCH_PATHS = (
					"$(inherited)",
					"@executable_path/Frameworks",
					"@loader_path/Frameworks",
				);
				PRODUCT_BUNDLE_IDENTIFIER = com.yadav.AbsenceRecorderTests;
				PRODUCT_NAME = "$(TARGET_NAME)";
				SWIFT_VERSION = 5.0;
				TARGETED_DEVICE_FAMILY = "1,2";
				TEST_HOST = "$(BUILT_PRODUCTS_DIR)/AbsenceRecorder.app/AbsenceRecorder";
			};
			name = Debug;
		};
		CD7DBF2725ED4CED006AAF6A /* Release */ = {
			isa = XCBuildConfiguration;
			buildSettings = {
				ALWAYS_EMBED_SWIFT_STANDARD_LIBRARIES = YES;
				BUNDLE_LOADER = "$(TEST_HOST)";
				CODE_SIGN_STYLE = Automatic;
				INFOPLIST_FILE = AbsenceRecorderTests/Info.plist;
				IPHONEOS_DEPLOYMENT_TARGET = 14.0;
				LD_RUNPATH_SEARCH_PATHS = (
					"$(inherited)",
					"@executable_path/Frameworks",
					"@loader_path/Frameworks",
				);
				PRODUCT_BUNDLE_IDENTIFIER = com.yadav.AbsenceRecorderTests;
				PRODUCT_NAME = "$(TARGET_NAME)";
				SWIFT_VERSION = 5.0;
				TARGETED_DEVICE_FAMILY = "1,2";
				TEST_HOST = "$(BUILT_PRODUCTS_DIR)/AbsenceRecorder.app/AbsenceRecorder";
			};
			name = Release;
		};
		CD7DBF2925ED4CED006AAF6A /* Debug */ = {
			isa = XCBuildConfiguration;
			buildSettings = {
				ALWAYS_EMBED_SWIFT_STANDARD_LIBRARIES = YES;
				CODE_SIGN_STYLE = Automatic;
				INFOPLIST_FILE = AbsenceRecorderUITests/Info.plist;
				LD_RUNPATH_SEARCH_PATHS = (
					"$(inherited)",
					"@executable_path/Frameworks",
					"@loader_path/Frameworks",
				);
				PRODUCT_BUNDLE_IDENTIFIER = com.yadav.AbsenceRecorderUITests;
				PRODUCT_NAME = "$(TARGET_NAME)";
				SWIFT_VERSION = 5.0;
				TARGETED_DEVICE_FAMILY = "1,2";
				TEST_TARGET_NAME = AbsenceRecorder;
			};
			name = Debug;
		};
		CD7DBF2A25ED4CED006AAF6A /* Release */ = {
			isa = XCBuildConfiguration;
			buildSettings = {
				ALWAYS_EMBED_SWIFT_STANDARD_LIBRARIES = YES;
				CODE_SIGN_STYLE = Automatic;
				INFOPLIST_FILE = AbsenceRecorderUITests/Info.plist;
				LD_RUNPATH_SEARCH_PATHS = (
					"$(inherited)",
					"@executable_path/Frameworks",
					"@loader_path/Frameworks",
				);
				PRODUCT_BUNDLE_IDENTIFIER = com.yadav.AbsenceRecorderUITests;
				PRODUCT_NAME = "$(TARGET_NAME)";
				SWIFT_VERSION = 5.0;
				TARGETED_DEVICE_FAMILY = "1,2";
				TEST_TARGET_NAME = AbsenceRecorder;
			};
			name = Release;
		};
/* End XCBuildConfiguration section */

/* Begin XCConfigurationList section */
		CD7DBEF825ED4CEC006AAF6A /* Build configuration list for PBXProject "AbsenceRecorder" */ = {
			isa = XCConfigurationList;
			buildConfigurations = (
				CD7DBF2025ED4CED006AAF6A /* Debug */,
				CD7DBF2125ED4CED006AAF6A /* Release */,
			);
			defaultConfigurationIsVisible = 0;
			defaultConfigurationName = Release;
		};
		CD7DBF2225ED4CED006AAF6A /* Build configuration list for PBXNativeTarget "AbsenceRecorder" */ = {
			isa = XCConfigurationList;
			buildConfigurations = (
				CD7DBF2325ED4CED006AAF6A /* Debug */,
				CD7DBF2425ED4CED006AAF6A /* Release */,
			);
			defaultConfigurationIsVisible = 0;
			defaultConfigurationName = Release;
		};
		CD7DBF2525ED4CED006AAF6A /* Build configuration list for PBXNativeTarget "AbsenceRecorderTests" */ = {
			isa = XCConfigurationList;
			buildConfigurations = (
				CD7DBF2625ED4CED006AAF6A /* Debug */,
				CD7DBF2725ED4CED006AAF6A /* Release */,
			);
			defaultConfigurationIsVisible = 0;
			defaultConfigurationName = Release;
		};
		CD7DBF2825ED4CED006AAF6A /* Build configuration list for PBXNativeTarget "AbsenceRecorderUITests" */ = {
			isa = XCConfigurationList;
			buildConfigurations = (
				CD7DBF2925ED4CED006AAF6A /* Debug */,
				CD7DBF2A25ED4CED006AAF6A /* Release */,
			);
			defaultConfigurationIsVisible = 0;
			defaultConfigurationName = Release;
		};
/* End XCConfigurationList section */
	};
	rootObject = CD7DBEF525ED4CEC006AAF6A /* Project object */;
}
